// !$*UTF8*$!
{
	archiveVersion = 1;
	classes = {
	};
	objectVersion = 50;
	objects = {

/* Begin PBXBuildFile section */
		FCA09F8823069AD000AF2F5E /* AppDelegate.swift in Sources */ = {isa = PBXBuildFile; fileRef = FCA09F8723069AD000AF2F5E /* AppDelegate.swift */; };
		FCA09F8D23069AD000AF2F5E /* Main.storyboard in Resources */ = {isa = PBXBuildFile; fileRef = FCA09F8B23069AD000AF2F5E /* Main.storyboard */; };
		FCA09F8F23069AD100AF2F5E /* Assets.xcassets in Resources */ = {isa = PBXBuildFile; fileRef = FCA09F8E23069AD100AF2F5E /* Assets.xcassets */; };
		FCA09F9223069AD100AF2F5E /* LaunchScreen.storyboard in Resources */ = {isa = PBXBuildFile; fileRef = FCA09F9023069AD100AF2F5E /* LaunchScreen.storyboard */; };
		FCA09F9B23069C7F00AF2F5E /* OrderTableViewController.swift in Sources */ = {isa = PBXBuildFile; fileRef = FCA09F9A23069C7F00AF2F5E /* OrderTableViewController.swift */; };
		FCA09F9D23069CB800AF2F5E /* AddOrderViewController.swift in Sources */ = {isa = PBXBuildFile; fileRef = FCA09F9C23069CB800AF2F5E /* AddOrderViewController.swift */; };
		FCA09FA02306D29800AF2F5E /* WebService.swift in Sources */ = {isa = PBXBuildFile; fileRef = FCA09F9F2306D29800AF2F5E /* WebService.swift */; };
		FCA09FA32306D58D00AF2F5E /* Order.swift in Sources */ = {isa = PBXBuildFile; fileRef = FCA09FA22306D58D00AF2F5E /* Order.swift */; };
		FCA09FA62307949100AF2F5E /* OrderViewModel.swift in Sources */ = {isa = PBXBuildFile; fileRef = FCA09FA52307949100AF2F5E /* OrderViewModel.swift */; };
		FCA09FA82307BE3700AF2F5E /* AddCoffeeOrderViewModel.swift in Sources */ = {isa = PBXBuildFile; fileRef = FCA09FA72307BE3700AF2F5E /* AddCoffeeOrderViewModel.swift */; };
/* End PBXBuildFile section */

/* Begin PBXFileReference section */
		FCA09F8423069AD000AF2F5E /* HotCoffee.app */ = {isa = PBXFileReference; explicitFileType = wrapper.application; includeInIndex = 0; path = HotCoffee.app; sourceTree = BUILT_PRODUCTS_DIR; };
		FCA09F8723069AD000AF2F5E /* AppDelegate.swift */ = {isa = PBXFileReference; lastKnownFileType = sourcecode.swift; path = AppDelegate.swift; sourceTree = "<group>"; };
		FCA09F8C23069AD000AF2F5E /* Base */ = {isa = PBXFileReference; lastKnownFileType = file.storyboard; name = Base; path = Base.lproj/Main.storyboard; sourceTree = "<group>"; };
		FCA09F8E23069AD100AF2F5E /* Assets.xcassets */ = {isa = PBXFileReference; lastKnownFileType = folder.assetcatalog; path = Assets.xcassets; sourceTree = "<group>"; };
		FCA09F9123069AD100AF2F5E /* Base */ = {isa = PBXFileReference; lastKnownFileType = file.storyboard; name = Base; path = Base.lproj/LaunchScreen.storyboard; sourceTree = "<group>"; };
		FCA09F9323069AD100AF2F5E /* Info.plist */ = {isa = PBXFileReference; lastKnownFileType = text.plist.xml; path = Info.plist; sourceTree = "<group>"; };
		FCA09F9A23069C7F00AF2F5E /* OrderTableViewController.swift */ = {isa = PBXFileReference; lastKnownFileType = sourcecode.swift; path = OrderTableViewController.swift; sourceTree = "<group>"; };
		FCA09F9C23069CB800AF2F5E /* AddOrderViewController.swift */ = {isa = PBXFileReference; lastKnownFileType = sourcecode.swift; path = AddOrderViewController.swift; sourceTree = "<group>"; };
		FCA09F9F2306D29800AF2F5E /* WebService.swift */ = {isa = PBXFileReference; lastKnownFileType = sourcecode.swift; path = WebService.swift; sourceTree = "<group>"; };
		FCA09FA22306D58D00AF2F5E /* Order.swift */ = {isa = PBXFileReference; lastKnownFileType = sourcecode.swift; path = Order.swift; sourceTree = "<group>"; };
		FCA09FA52307949100AF2F5E /* OrderViewModel.swift */ = {isa = PBXFileReference; lastKnownFileType = sourcecode.swift; path = OrderViewModel.swift; sourceTree = "<group>"; };
		FCA09FA72307BE3700AF2F5E /* AddCoffeeOrderViewModel.swift */ = {isa = PBXFileReference; lastKnownFileType = sourcecode.swift; path = AddCoffeeOrderViewModel.swift; sourceTree = "<group>"; };
/* End PBXFileReference section */

/* Begin PBXFrameworksBuildPhase section */
		FCA09F8123069AD000AF2F5E /* Frameworks */ = {
			isa = PBXFrameworksBuildPhase;
			buildActionMask = 2147483647;
			files = (
			);
			runOnlyForDeploymentPostprocessing = 0;
		};
/* End PBXFrameworksBuildPhase section */

/* Begin PBXGroup section */
		FCA09F7B23069AD000AF2F5E = {
			isa = PBXGroup;
			children = (
				FCA09F8623069AD000AF2F5E /* HotCoffee */,
				FCA09F8523069AD000AF2F5E /* Products */,
			);
			sourceTree = "<group>";
		};
		FCA09F8523069AD000AF2F5E /* Products */ = {
			isa = PBXGroup;
			children = (
				FCA09F8423069AD000AF2F5E /* HotCoffee.app */,
			);
			name = Products;
			sourceTree = "<group>";
		};
		FCA09F8623069AD000AF2F5E /* HotCoffee */ = {
			isa = PBXGroup;
			children = (
				FCA09FA42307947A00AF2F5E /* View Models */,
				FCA09FA12306D57E00AF2F5E /* Models */,
				FCA09F9923069C6700AF2F5E /* Controllers */,
				FCA09F9E2306D28400AF2F5E /* Services */,
				FCA09F8723069AD000AF2F5E /* AppDelegate.swift */,
				FCA09F8B23069AD000AF2F5E /* Main.storyboard */,
				FCA09F8E23069AD100AF2F5E /* Assets.xcassets */,
				FCA09F9023069AD100AF2F5E /* LaunchScreen.storyboard */,
				FCA09F9323069AD100AF2F5E /* Info.plist */,
			);
			path = HotCoffee;
			sourceTree = "<group>";
		};
		FCA09F9923069C6700AF2F5E /* Controllers */ = {
			isa = PBXGroup;
			children = (
				FCA09F9A23069C7F00AF2F5E /* OrderTableViewController.swift */,
				FCA09F9C23069CB800AF2F5E /* AddOrderViewController.swift */,
			);
			path = Controllers;
			sourceTree = "<group>";
		};
		FCA09F9E2306D28400AF2F5E /* Services */ = {
			isa = PBXGroup;
			children = (
				FCA09F9F2306D29800AF2F5E /* WebService.swift */,
			);
			path = Services;
			sourceTree = "<group>";
		};
		FCA09FA12306D57E00AF2F5E /* Models */ = {
			isa = PBXGroup;
			children = (
				FCA09FA22306D58D00AF2F5E /* Order.swift */,
			);
			path = Models;
			sourceTree = "<group>";
		};
		FCA09FA42307947A00AF2F5E /* View Models */ = {
			isa = PBXGroup;
			children = (
				FCA09FA52307949100AF2F5E /* OrderViewModel.swift */,
				FCA09FA72307BE3700AF2F5E /* AddCoffeeOrderViewModel.swift */,
			);
			path = "View Models";
			sourceTree = "<group>";
		};
/* End PBXGroup section */

/* Begin PBXNativeTarget section */
		FCA09F8323069AD000AF2F5E /* HotCoffee */ = {
			isa = PBXNativeTarget;
			buildConfigurationList = FCA09F9623069AD100AF2F5E /* Build configuration list for PBXNativeTarget "HotCoffee" */;
			buildPhases = (
				FCA09F8023069AD000AF2F5E /* Sources */,
				FCA09F8123069AD000AF2F5E /* Frameworks */,
				FCA09F8223069AD000AF2F5E /* Resources */,
			);
			buildRules = (
			);
			dependencies = (
			);
			name = HotCoffee;
			productName = HotCoffee;
			productReference = FCA09F8423069AD000AF2F5E /* HotCoffee.app */;
			productType = "com.apple.product-type.application";
		};
/* End PBXNativeTarget section */

/* Begin PBXProject section */
		FCA09F7C23069AD000AF2F5E /* Project object */ = {
			isa = PBXProject;
			attributes = {
				LastSwiftUpdateCheck = 1030;
				LastUpgradeCheck = 1030;
				ORGANIZATIONNAME = omrobbie;
				TargetAttributes = {
					FCA09F8323069AD000AF2F5E = {
						CreatedOnToolsVersion = 10.3;
					};
				};
			};
			buildConfigurationList = FCA09F7F23069AD000AF2F5E /* Build configuration list for PBXProject "HotCoffee" */;
			compatibilityVersion = "Xcode 9.3";
			developmentRegion = en;
			hasScannedForEncodings = 0;
			knownRegions = (
				en,
				Base,
			);
			mainGroup = FCA09F7B23069AD000AF2F5E;
			productRefGroup = FCA09F8523069AD000AF2F5E /* Products */;
			projectDirPath = "";
			projectRoot = "";
			targets = (
				FCA09F8323069AD000AF2F5E /* HotCoffee */,
			);
		};
/* End PBXProject section */

/* Begin PBXResourcesBuildPhase section */
		FCA09F8223069AD000AF2F5E /* Resources */ = {
			isa = PBXResourcesBuildPhase;
			buildActionMask = 2147483647;
			files = (
				FCA09F9223069AD100AF2F5E /* LaunchScreen.storyboard in Resources */,
				FCA09F8F23069AD100AF2F5E /* Assets.xcassets in Resources */,
				FCA09F8D23069AD000AF2F5E /* Main.storyboard in Resources */,
			);
			runOnlyForDeploymentPostprocessing = 0;
		};
/* End PBXResourcesBuildPhase section */

/* Begin PBXSourcesBuildPhase section */
		FCA09F8023069AD000AF2F5E /* Sources */ = {
			isa = PBXSourcesBuildPhase;
			buildActionMask = 2147483647;
			files = (
				FCA09F9B23069C7F00AF2F5E /* OrderTableViewController.swift in Sources */,
				FCA09F8823069AD000AF2F5E /* AppDelegate.swift in Sources */,
				FCA09FA32306D58D00AF2F5E /* Order.swift in Sources */,
				FCA09FA82307BE3700AF2F5E /* AddCoffeeOrderViewModel.swift in Sources */,
				FCA09FA62307949100AF2F5E /* OrderViewModel.swift in Sources */,
				FCA09FA02306D29800AF2F5E /* WebService.swift in Sources */,
				FCA09F9D23069CB800AF2F5E /* AddOrderViewController.swift in Sources */,
			);
			runOnlyForDeploymentPostprocessing = 0;
		};
/* End PBXSourcesBuildPhase section */

/* Begin PBXVariantGroup section */
		FCA09F8B23069AD000AF2F5E /* Main.storyboard */ = {
			isa = PBXVariantGroup;
			children = (
				FCA09F8C23069AD000AF2F5E /* Base */,
			);
			name = Main.storyboard;
			sourceTree = "<group>";
		};
		FCA09F9023069AD100AF2F5E /* LaunchScreen.storyboard */ = {
			isa = PBXVariantGroup;
			children = (
				FCA09F9123069AD100AF2F5E /* Base */,
			);
			name = LaunchScreen.storyboard;
			sourceTree = "<group>";
		};
/* End PBXVariantGroup section */

/* Begin XCBuildConfiguration section */
		FCA09F9423069AD100AF2F5E /* Debug */ = {
			isa = XCBuildConfiguration;
			buildSettings = {
				ALWAYS_SEARCH_USER_PATHS = NO;
				CLANG_ANALYZER_NONNULL = YES;
				CLANG_ANALYZER_NUMBER_OBJECT_CONVERSION = YES_AGGRESSIVE;
				CLANG_CXX_LANGUAGE_STANDARD = "gnu++14";
				CLANG_CXX_LIBRARY = "libc++";
				CLANG_ENABLE_MODULES = YES;
				CLANG_ENABLE_OBJC_ARC = YES;
				CLANG_ENABLE_OBJC_WEAK = YES;
				CLANG_WARN_BLOCK_CAPTURE_AUTORELEASING = YES;
				CLANG_WARN_BOOL_CONVERSION = YES;
				CLANG_WARN_COMMA = YES;
				CLANG_WARN_CONSTANT_CONVERSION = YES;
				CLANG_WARN_DEPRECATED_OBJC_IMPLEMENTATIONS = YES;
				CLANG_WARN_DIRECT_OBJC_ISA_USAGE = YES_ERROR;
				CLANG_WARN_DOCUMENTATION_COMMENTS = YES;
				CLANG_WARN_EMPTY_BODY = YES;
				CLANG_WARN_ENUM_CONVERSION = YES;
				CLANG_WARN_INFINITE_RECURSION = YES;
				CLANG_WARN_INT_CONVERSION = YES;
				CLANG_WARN_NON_LITERAL_NULL_CONVERSION = YES;
				CLANG_WARN_OBJC_IMPLICIT_RETAIN_SELF = YES;
				CLANG_WARN_OBJC_LITERAL_CONVERSION = YES;
				CLANG_WARN_OBJC_ROOT_CLASS = YES_ERROR;
				CLANG_WARN_RANGE_LOOP_ANALYSIS = YES;
				CLANG_WARN_STRICT_PROTOTYPES = YES;
				CLANG_WARN_SUSPICIOUS_MOVE = YES;
				CLANG_WARN_UNGUARDED_AVAILABILITY = YES_AGGRESSIVE;
				CLANG_WARN_UNREACHABLE_CODE = YES;
				CLANG_WARN__DUPLICATE_METHOD_MATCH = YES;
				CODE_SIGN_IDENTITY = "iPhone Developer";
				COPY_PHASE_STRIP = NO;
				DEBUG_INFORMATION_FORMAT = dwarf;
				ENABLE_STRICT_OBJC_MSGSEND = YES;
				ENABLE_TESTABILITY = YES;
				GCC_C_LANGUAGE_STANDARD = gnu11;
				GCC_DYNAMIC_NO_PIC = NO;
				GCC_NO_COMMON_BLOCKS = YES;
				GCC_OPTIMIZATION_LEVEL = 0;
				GCC_PREPROCESSOR_DEFINITIONS = (
					"DEBUG=1",
					"$(inherited)",
				);
				GCC_WARN_64_TO_32_BIT_CONVERSION = YES;
				GCC_WARN_ABOUT_RETURN_TYPE = YES_ERROR;
				GCC_WARN_UNDECLARED_SELECTOR = YES;
				GCC_WARN_UNINITIALIZED_AUTOS = YES_AGGRESSIVE;
				GCC_WARN_UNUSED_FUNCTION = YES;
				GCC_WARN_UNUSED_VARIABLE = YES;
				IPHONEOS_DEPLOYMENT_TARGET = 12.4;
				MTL_ENABLE_DEBUG_INFO = INCLUDE_SOURCE;
				MTL_FAST_MATH = YES;
				ONLY_ACTIVE_ARCH = YES;
				SDKROOT = iphoneos;
				SWIFT_ACTIVE_COMPILATION_CONDITIONS = DEBUG;
				SWIFT_OPTIMIZATION_LEVEL = "-Onone";
			};
			name = Debug;
		};
		FCA09F9523069AD100AF2F5E /* Release */ = {
			isa = XCBuildConfiguration;
			buildSettings = {
				ALWAYS_SEARCH_USER_PATHS = NO;
				CLANG_ANALYZER_NONNULL = YES;
				CLANG_ANALYZER_NUMBER_OBJECT_CONVERSION = YES_AGGRESSIVE;
				CLANG_CXX_LANGUAGE_STANDARD = "gnu++14";
				CLANG_CXX_LIBRARY = "libc++";
				CLANG_ENABLE_MODULES = YES;
				CLANG_ENABLE_OBJC_ARC = YES;
				CLANG_ENABLE_OBJC_WEAK = YES;
				CLANG_WARN_BLOCK_CAPTURE_AUTORELEASING = YES;
				CLANG_WARN_BOOL_CONVERSION = YES;
				CLANG_WARN_COMMA = YES;
				CLANG_WARN_CONSTANT_CONVERSION = YES;
				CLANG_WARN_DEPRECATED_OBJC_IMPLEMENTATIONS = YES;
				CLANG_WARN_DIRECT_OBJC_ISA_USAGE = YES_ERROR;
				CLANG_WARN_DOCUMENTATION_COMMENTS = YES;
				CLANG_WARN_EMPTY_BODY = YES;
				CLANG_WARN_ENUM_CONVERSION = YES;
				CLANG_WARN_INFINITE_RECURSION = YES;
				CLANG_WARN_INT_CONVERSION = YES;
				CLANG_WARN_NON_LITERAL_NULL_CONVERSION = YES;
				CLANG_WARN_OBJC_IMPLICIT_RETAIN_SELF = YES;
				CLANG_WARN_OBJC_LITERAL_CONVERSION = YES;
				CLANG_WARN_OBJC_ROOT_CLASS = YES_ERROR;
				CLANG_WARN_RANGE_LOOP_ANALYSIS = YES;
				CLANG_WARN_STRICT_PROTOTYPES = YES;
				CLANG_WARN_SUSPICIOUS_MOVE = YES;
				CLANG_WARN_UNGUARDED_AVAILABILITY = YES_AGGRESSIVE;
				CLANG_WARN_UNREACHABLE_CODE = YES;
				CLANG_WARN__DUPLICATE_METHOD_MATCH = YES;
				CODE_SIGN_IDENTITY = "iPhone Developer";
				COPY_PHASE_STRIP = NO;
				DEBUG_INFORMATION_FORMAT = "dwarf-with-dsym";
				ENABLE_NS_ASSERTIONS = NO;
				ENABLE_STRICT_OBJC_MSGSEND = YES;
				GCC_C_LANGUAGE_STANDARD = gnu11;
				GCC_NO_COMMON_BLOCKS = YES;
				GCC_WARN_64_TO_32_BIT_CONVERSION = YES;
				GCC_WARN_ABOUT_RETURN_TYPE = YES_ERROR;
				GCC_WARN_UNDECLARED_SELECTOR = YES;
				GCC_WARN_UNINITIALIZED_AUTOS = YES_AGGRESSIVE;
				GCC_WARN_UNUSED_FUNCTION = YES;
				GCC_WARN_UNUSED_VARIABLE = YES;
				IPHONEOS_DEPLOYMENT_TARGET = 12.4;
				MTL_ENABLE_DEBUG_INFO = NO;
				MTL_FAST_MATH = YES;
				SDKROOT = iphoneos;
				SWIFT_COMPILATION_MODE = wholemodule;
				SWIFT_OPTIMIZATION_LEVEL = "-O";
				VALIDATE_PRODUCT = YES;
			};
			name = Release;
		};
		FCA09F9723069AD100AF2F5E /* Debug */ = {
			isa = XCBuildConfiguration;
			buildSettings = {
				ASSETCATALOG_COMPILER_APPICON_NAME = AppIcon;
				CODE_SIGN_STYLE = Automatic;
				DEVELOPMENT_TEAM = 3SMXMP42NY;
				INFOPLIST_FILE = HotCoffee/Info.plist;
				LD_RUNPATH_SEARCH_PATHS = (
					"$(inherited)",
					"@executable_path/Frameworks",
				);
				PRODUCT_BUNDLE_IDENTIFIER = com.omrobbie.HotCoffee;
				PRODUCT_NAME = "$(TARGET_NAME)";
				SWIFT_VERSION = 5.0;
				TARGETED_DEVICE_FAMILY = "1,2";
			};
			name = Debug;
		};
		FCA09F9823069AD100AF2F5E /* Release */ = {
			isa = XCBuildConfiguration;
			buildSettings = {
				ASSETCATALOG_COMPILER_APPICON_NAME = AppIcon;
				CODE_SIGN_STYLE = Automatic;
				DEVELOPMENT_TEAM = 3SMXMP42NY;
				INFOPLIST_FILE = HotCoffee/Info.plist;
				LD_RUNPATH_SEARCH_PATHS = (
					"$(inherited)",
					"@executable_path/Frameworks",
				);
				PRODUCT_BUNDLE_IDENTIFIER = com.omrobbie.HotCoffee;
				PRODUCT_NAME = "$(TARGET_NAME)";
				SWIFT_VERSION = 5.0;
				TARGETED_DEVICE_FAMILY = "1,2";
			};
			name = Release;
		};
/* End XCBuildConfiguration section */

/* Begin XCConfigurationList section */
		FCA09F7F23069AD000AF2F5E /* Build configuration list for PBXProject "HotCoffee" */ = {
			isa = XCConfigurationList;
			buildConfigurations = (
				FCA09F9423069AD100AF2F5E /* Debug */,
				FCA09F9523069AD100AF2F5E /* Release */,
			);
			defaultConfigurationIsVisible = 0;
			defaultConfigurationName = Release;
		};
		FCA09F9623069AD100AF2F5E /* Build configuration list for PBXNativeTarget "HotCoffee" */ = {
			isa = XCConfigurationList;
			buildConfigurations = (
				FCA09F9723069AD100AF2F5E /* Debug */,
				FCA09F9823069AD100AF2F5E /* Release */,
			);
			defaultConfigurationIsVisible = 0;
			defaultConfigurationName = Release;
		};
/* End XCConfigurationList section */
	};
	rootObject = FCA09F7C23069AD000AF2F5E /* Project object */;
}
